// !$*UTF8*$!
{
	archiveVersion = 1;
	classes = {
	};
	objectVersion = 48;
	objects = {

/* Begin PBXBuildFile section */
		CB9F5E681F8DF67E00ACB2D8 /* icon_zjt_xzrq@2x.png in Resources */ = {isa = PBXBuildFile; fileRef = CB9F5E621F8DF67E00ACB2D8 /* icon_zjt_xzrq@2x.png */; };
		CB9F5E691F8DF67E00ACB2D8 /* icon_zjt_xzrq@3x.png in Resources */ = {isa = PBXBuildFile; fileRef = CB9F5E631F8DF67E00ACB2D8 /* icon_zjt_xzrq@3x.png */; };
		CB9F5E6A1F8DF67E00ACB2D8 /* icon_jr_jkzx@2x.png in Resources */ = {isa = PBXBuildFile; fileRef = CB9F5E641F8DF67E00ACB2D8 /* icon_jr_jkzx@2x.png */; };
		CB9F5E6B1F8DF67E00ACB2D8 /* icon_jr_jkzx@3x.png in Resources */ = {isa = PBXBuildFile; fileRef = CB9F5E651F8DF67E00ACB2D8 /* icon_jr_jkzx@3x.png */; };
		CB9F5E6C1F8DF67E00ACB2D8 /* icon_delete_tcqblb@3x.png in Resources */ = {isa = PBXBuildFile; fileRef = CB9F5E661F8DF67E00ACB2D8 /* icon_delete_tcqblb@3x.png */; };
		CB9F5E6D1F8DF67E00ACB2D8 /* icon_delete_tcqblb@2x.png in Resources */ = {isa = PBXBuildFile; fileRef = CB9F5E671F8DF67E00ACB2D8 /* icon_delete_tcqblb@2x.png */; };
		CB9F5E701F8E112E00ACB2D8 /* CalendarDateCell.m in Sources */ = {isa = PBXBuildFile; fileRef = CB9F5E6F1F8E112E00ACB2D8 /* CalendarDateCell.m */; };
		CB9F5E731F8E113C00ACB2D8 /* WeekDateCell.m in Sources */ = {isa = PBXBuildFile; fileRef = CB9F5E721F8E113C00ACB2D8 /* WeekDateCell.m */; };
		CBE34BDE1F8CD1BC00BF699E /* AppDelegate.m in Sources */ = {isa = PBXBuildFile; fileRef = CBE34BDD1F8CD1BC00BF699E /* AppDelegate.m */; };
		CBE34BE11F8CD1BC00BF699E /* ViewController.m in Sources */ = {isa = PBXBuildFile; fileRef = CBE34BE01F8CD1BC00BF699E /* ViewController.m */; };
		CBE34BE41F8CD1BC00BF699E /* Main.storyboard in Resources */ = {isa = PBXBuildFile; fileRef = CBE34BE21F8CD1BC00BF699E /* Main.storyboard */; };
		CBE34BE61F8CD1BC00BF699E /* Assets.xcassets in Resources */ = {isa = PBXBuildFile; fileRef = CBE34BE51F8CD1BC00BF699E /* Assets.xcassets */; };
		CBE34BE91F8CD1BC00BF699E /* LaunchScreen.storyboard in Resources */ = {isa = PBXBuildFile; fileRef = CBE34BE71F8CD1BC00BF699E /* LaunchScreen.storyboard */; };
		CBE34BEC1F8CD1BC00BF699E /* main.m in Sources */ = {isa = PBXBuildFile; fileRef = CBE34BEB1F8CD1BC00BF699E /* main.m */; };
		CBE34BF61F8CD1BC00BF699E /* WMHCalendar_OCTests.m in Sources */ = {isa = PBXBuildFile; fileRef = CBE34BF51F8CD1BC00BF699E /* WMHCalendar_OCTests.m */; };
		CBE34C011F8CD1BC00BF699E /* WMHCalendar_OCUITests.m in Sources */ = {isa = PBXBuildFile; fileRef = CBE34C001F8CD1BC00BF699E /* WMHCalendar_OCUITests.m */; };
		CBE34C101F8CD1F400BF699E /* WMHCalendarView.m in Sources */ = {isa = PBXBuildFile; fileRef = CBE34C0F1F8CD1F400BF699E /* WMHCalendarView.m */; };
/* End PBXBuildFile section */

/* Begin PBXContainerItemProxy section */
		CBE34BF21F8CD1BC00BF699E /* PBXContainerItemProxy */ = {
			isa = PBXContainerItemProxy;
			containerPortal = CBE34BD11F8CD1BC00BF699E /* Project object */;
			proxyType = 1;
			remoteGlobalIDString = CBE34BD81F8CD1BC00BF699E;
			remoteInfo = "WMHCalendar-OC";
		};
		CBE34BFD1F8CD1BC00BF699E /* PBXContainerItemProxy */ = {
			isa = PBXContainerItemProxy;
			containerPortal = CBE34BD11F8CD1BC00BF699E /* Project object */;
			proxyType = 1;
			remoteGlobalIDString = CBE34BD81F8CD1BC00BF699E;
			remoteInfo = "WMHCalendar-OC";
		};
/* End PBXContainerItemProxy section */

/* Begin PBXFileReference section */
		CB9F5E621F8DF67E00ACB2D8 /* icon_zjt_xzrq@2x.png */ = {isa = PBXFileReference; lastKnownFileType = image.png; path = "icon_zjt_xzrq@2x.png"; sourceTree = "<group>"; };
		CB9F5E631F8DF67E00ACB2D8 /* icon_zjt_xzrq@3x.png */ = {isa = PBXFileReference; lastKnownFileType = image.png; path = "icon_zjt_xzrq@3x.png"; sourceTree = "<group>"; };
		CB9F5E641F8DF67E00ACB2D8 /* icon_jr_jkzx@2x.png */ = {isa = PBXFileReference; lastKnownFileType = image.png; path = "icon_jr_jkzx@2x.png"; sourceTree = "<group>"; };
		CB9F5E651F8DF67E00ACB2D8 /* icon_jr_jkzx@3x.png */ = {isa = PBXFileReference; lastKnownFileType = image.png; path = "icon_jr_jkzx@3x.png"; sourceTree = "<group>"; };
		CB9F5E661F8DF67E00ACB2D8 /* icon_delete_tcqblb@3x.png */ = {isa = PBXFileReference; lastKnownFileType = image.png; path = "icon_delete_tcqblb@3x.png"; sourceTree = "<group>"; };
		CB9F5E671F8DF67E00ACB2D8 /* icon_delete_tcqblb@2x.png */ = {isa = PBXFileReference; lastKnownFileType = image.png; path = "icon_delete_tcqblb@2x.png"; sourceTree = "<group>"; };
		CB9F5E6E1F8E112E00ACB2D8 /* CalendarDateCell.h */ = {isa = PBXFileReference; lastKnownFileType = sourcecode.c.h; path = CalendarDateCell.h; sourceTree = "<group>"; };
		CB9F5E6F1F8E112E00ACB2D8 /* CalendarDateCell.m */ = {isa = PBXFileReference; lastKnownFileType = sourcecode.c.objc; path = CalendarDateCell.m; sourceTree = "<group>"; };
		CB9F5E711F8E113C00ACB2D8 /* WeekDateCell.h */ = {isa = PBXFileReference; lastKnownFileType = sourcecode.c.h; path = WeekDateCell.h; sourceTree = "<group>"; };
		CB9F5E721F8E113C00ACB2D8 /* WeekDateCell.m */ = {isa = PBXFileReference; lastKnownFileType = sourcecode.c.objc; path = WeekDateCell.m; sourceTree = "<group>"; };
		CBE34BD91F8CD1BC00BF699E /* WMHCalendar-OC.app */ = {isa = PBXFileReference; explicitFileType = wrapper.application; includeInIndex = 0; path = "WMHCalendar-OC.app"; sourceTree = BUILT_PRODUCTS_DIR; };
		CBE34BDC1F8CD1BC00BF699E /* AppDelegate.h */ = {isa = PBXFileReference; lastKnownFileType = sourcecode.c.h; path = AppDelegate.h; sourceTree = "<group>"; };
		CBE34BDD1F8CD1BC00BF699E /* AppDelegate.m */ = {isa = PBXFileReference; lastKnownFileType = sourcecode.c.objc; path = AppDelegate.m; sourceTree = "<group>"; };
		CBE34BDF1F8CD1BC00BF699E /* ViewController.h */ = {isa = PBXFileReference; lastKnownFileType = sourcecode.c.h; path = ViewController.h; sourceTree = "<group>"; };
		CBE34BE01F8CD1BC00BF699E /* ViewController.m */ = {isa = PBXFileReference; lastKnownFileType = sourcecode.c.objc; path = ViewController.m; sourceTree = "<group>"; };
		CBE34BE31F8CD1BC00BF699E /* Base */ = {isa = PBXFileReference; lastKnownFileType = file.storyboard; name = Base; path = Base.lproj/Main.storyboard; sourceTree = "<group>"; };
		CBE34BE51F8CD1BC00BF699E /* Assets.xcassets */ = {isa = PBXFileReference; lastKnownFileType = folder.assetcatalog; path = Assets.xcassets; sourceTree = "<group>"; };
		CBE34BE81F8CD1BC00BF699E /* Base */ = {isa = PBXFileReference; lastKnownFileType = file.storyboard; name = Base; path = Base.lproj/LaunchScreen.storyboard; sourceTree = "<group>"; };
		CBE34BEA1F8CD1BC00BF699E /* Info.plist */ = {isa = PBXFileReference; lastKnownFileType = text.plist.xml; path = Info.plist; sourceTree = "<group>"; };
		CBE34BEB1F8CD1BC00BF699E /* main.m */ = {isa = PBXFileReference; lastKnownFileType = sourcecode.c.objc; path = main.m; sourceTree = "<group>"; };
		CBE34BF11F8CD1BC00BF699E /* WMHCalendar-OCTests.xctest */ = {isa = PBXFileReference; explicitFileType = wrapper.cfbundle; includeInIndex = 0; path = "WMHCalendar-OCTests.xctest"; sourceTree = BUILT_PRODUCTS_DIR; };
		CBE34BF51F8CD1BC00BF699E /* WMHCalendar_OCTests.m */ = {isa = PBXFileReference; lastKnownFileType = sourcecode.c.objc; path = WMHCalendar_OCTests.m; sourceTree = "<group>"; };
		CBE34BF71F8CD1BC00BF699E /* Info.plist */ = {isa = PBXFileReference; lastKnownFileType = text.plist.xml; path = Info.plist; sourceTree = "<group>"; };
		CBE34BFC1F8CD1BC00BF699E /* WMHCalendar-OCUITests.xctest */ = {isa = PBXFileReference; explicitFileType = wrapper.cfbundle; includeInIndex = 0; path = "WMHCalendar-OCUITests.xctest"; sourceTree = BUILT_PRODUCTS_DIR; };
		CBE34C001F8CD1BC00BF699E /* WMHCalendar_OCUITests.m */ = {isa = PBXFileReference; lastKnownFileType = sourcecode.c.objc; path = WMHCalendar_OCUITests.m; sourceTree = "<group>"; };
		CBE34C021F8CD1BC00BF699E /* Info.plist */ = {isa = PBXFileReference; lastKnownFileType = text.plist.xml; path = Info.plist; sourceTree = "<group>"; };
		CBE34C0E1F8CD1F400BF699E /* WMHCalendarView.h */ = {isa = PBXFileReference; lastKnownFileType = sourcecode.c.h; path = WMHCalendarView.h; sourceTree = "<group>"; };
		CBE34C0F1F8CD1F400BF699E /* WMHCalendarView.m */ = {isa = PBXFileReference; lastKnownFileType = sourcecode.c.objc; path = WMHCalendarView.m; sourceTree = "<group>"; };
/* End PBXFileReference section */

/* Begin PBXFrameworksBuildPhase section */
		CBE34BD61F8CD1BC00BF699E /* Frameworks */ = {
			isa = PBXFrameworksBuildPhase;
			buildActionMask = 2147483647;
			files = (
			);
			runOnlyForDeploymentPostprocessing = 0;
		};
		CBE34BEE1F8CD1BC00BF699E /* Frameworks */ = {
			isa = PBXFrameworksBuildPhase;
			buildActionMask = 2147483647;
			files = (
			);
			runOnlyForDeploymentPostprocessing = 0;
		};
		CBE34BF91F8CD1BC00BF699E /* Frameworks */ = {
			isa = PBXFrameworksBuildPhase;
			buildActionMask = 2147483647;
			files = (
			);
			runOnlyForDeploymentPostprocessing = 0;
		};
/* End PBXFrameworksBuildPhase section */

/* Begin PBXGroup section */
		CBA532D71F8F4479009BAA6B /* Image */ = {
			isa = PBXGroup;
			children = (
				CB9F5E671F8DF67E00ACB2D8 /* icon_delete_tcqblb@2x.png */,
				CB9F5E661F8DF67E00ACB2D8 /* icon_delete_tcqblb@3x.png */,
				CB9F5E641F8DF67E00ACB2D8 /* icon_jr_jkzx@2x.png */,
				CB9F5E651F8DF67E00ACB2D8 /* icon_jr_jkzx@3x.png */,
				CB9F5E621F8DF67E00ACB2D8 /* icon_zjt_xzrq@2x.png */,
				CB9F5E631F8DF67E00ACB2D8 /* icon_zjt_xzrq@3x.png */,
			);
			path = Image;
			sourceTree = "<group>";
		};
		CBA532D81F8F448A009BAA6B /* CalendarView */ = {
			isa = PBXGroup;
			children = (
				CBE34C0E1F8CD1F400BF699E /* WMHCalendarView.h */,
				CBE34C0F1F8CD1F400BF699E /* WMHCalendarView.m */,
			);
			path = CalendarView;
			sourceTree = "<group>";
		};
		CBA532D91F8F4498009BAA6B /* CellView */ = {
			isa = PBXGroup;
			children = (
				CB9F5E6E1F8E112E00ACB2D8 /* CalendarDateCell.h */,
				CB9F5E6F1F8E112E00ACB2D8 /* CalendarDateCell.m */,
				CB9F5E711F8E113C00ACB2D8 /* WeekDateCell.h */,
				CB9F5E721F8E113C00ACB2D8 /* WeekDateCell.m */,
			);
			path = CellView;
			sourceTree = "<group>";
		};
		CBE34BD01F8CD1BC00BF699E = {
			isa = PBXGroup;
			children = (
				CBE34BDB1F8CD1BC00BF699E /* WMHCalendar-OC */,
				CBE34BF41F8CD1BC00BF699E /* WMHCalendar-OCTests */,
				CBE34BFF1F8CD1BC00BF699E /* WMHCalendar-OCUITests */,
				CBE34BDA1F8CD1BC00BF699E /* Products */,
			);
			sourceTree = "<group>";
		};
		CBE34BDA1F8CD1BC00BF699E /* Products */ = {
			isa = PBXGroup;
			children = (
				CBE34BD91F8CD1BC00BF699E /* WMHCalendar-OC.app */,
				CBE34BF11F8CD1BC00BF699E /* WMHCalendar-OCTests.xctest */,
				CBE34BFC1F8CD1BC00BF699E /* WMHCalendar-OCUITests.xctest */,
			);
			name = Products;
			sourceTree = "<group>";
		};
		CBE34BDB1F8CD1BC00BF699E /* WMHCalendar-OC */ = {
			isa = PBXGroup;
			children = (
				CBA532D91F8F4498009BAA6B /* CellView */,
				CBA532D81F8F448A009BAA6B /* CalendarView */,
				CBA532D71F8F4479009BAA6B /* Image */,
				CBE34BDC1F8CD1BC00BF699E /* AppDelegate.h */,
				CBE34BDD1F8CD1BC00BF699E /* AppDelegate.m */,
				CBE34BDF1F8CD1BC00BF699E /* ViewController.h */,
				CBE34BE01F8CD1BC00BF699E /* ViewController.m */,
				CBE34BE21F8CD1BC00BF699E /* Main.storyboard */,
				CBE34BE51F8CD1BC00BF699E /* Assets.xcassets */,
				CBE34BE71F8CD1BC00BF699E /* LaunchScreen.storyboard */,
				CBE34BEA1F8CD1BC00BF699E /* Info.plist */,
				CBE34BEB1F8CD1BC00BF699E /* main.m */,
			);
			path = "WMHCalendar-OC";
			sourceTree = "<group>";
		};
		CBE34BF41F8CD1BC00BF699E /* WMHCalendar-OCTests */ = {
			isa = PBXGroup;
			children = (
				CBE34BF51F8CD1BC00BF699E /* WMHCalendar_OCTests.m */,
				CBE34BF71F8CD1BC00BF699E /* Info.plist */,
			);
			path = "WMHCalendar-OCTests";
			sourceTree = "<group>";
		};
		CBE34BFF1F8CD1BC00BF699E /* WMHCalendar-OCUITests */ = {
			isa = PBXGroup;
			children = (
				CBE34C001F8CD1BC00BF699E /* WMHCalendar_OCUITests.m */,
				CBE34C021F8CD1BC00BF699E /* Info.plist */,
			);
			path = "WMHCalendar-OCUITests";
			sourceTree = "<group>";
		};
/* End PBXGroup section */

/* Begin PBXNativeTarget section */
		CBE34BD81F8CD1BC00BF699E /* WMHCalendar-OC */ = {
			isa = PBXNativeTarget;
			buildConfigurationList = CBE34C051F8CD1BC00BF699E /* Build configuration list for PBXNativeTarget "WMHCalendar-OC" */;
			buildPhases = (
				CBE34BD51F8CD1BC00BF699E /* Sources */,
				CBE34BD61F8CD1BC00BF699E /* Frameworks */,
				CBE34BD71F8CD1BC00BF699E /* Resources */,
			);
			buildRules = (
			);
			dependencies = (
			);
			name = "WMHCalendar-OC";
			productName = "WMHCalendar-OC";
			productReference = CBE34BD91F8CD1BC00BF699E /* WMHCalendar-OC.app */;
			productType = "com.apple.product-type.application";
		};
		CBE34BF01F8CD1BC00BF699E /* WMHCalendar-OCTests */ = {
			isa = PBXNativeTarget;
			buildConfigurationList = CBE34C081F8CD1BC00BF699E /* Build configuration list for PBXNativeTarget "WMHCalendar-OCTests" */;
			buildPhases = (
				CBE34BED1F8CD1BC00BF699E /* Sources */,
				CBE34BEE1F8CD1BC00BF699E /* Frameworks */,
				CBE34BEF1F8CD1BC00BF699E /* Resources */,
			);
			buildRules = (
			);
			dependencies = (
				CBE34BF31F8CD1BC00BF699E /* PBXTargetDependency */,
			);
			name = "WMHCalendar-OCTests";
			productName = "WMHCalendar-OCTests";
			productReference = CBE34BF11F8CD1BC00BF699E /* WMHCalendar-OCTests.xctest */;
			productType = "com.apple.product-type.bundle.unit-test";
		};
		CBE34BFB1F8CD1BC00BF699E /* WMHCalendar-OCUITests */ = {
			isa = PBXNativeTarget;
			buildConfigurationList = CBE34C0B1F8CD1BC00BF699E /* Build configuration list for PBXNativeTarget "WMHCalendar-OCUITests" */;
			buildPhases = (
				CBE34BF81F8CD1BC00BF699E /* Sources */,
				CBE34BF91F8CD1BC00BF699E /* Frameworks */,
				CBE34BFA1F8CD1BC00BF699E /* Resources */,
			);
			buildRules = (
			);
			dependencies = (
				CBE34BFE1F8CD1BC00BF699E /* PBXTargetDependency */,
			);
			name = "WMHCalendar-OCUITests";
			productName = "WMHCalendar-OCUITests";
			productReference = CBE34BFC1F8CD1BC00BF699E /* WMHCalendar-OCUITests.xctest */;
			productType = "com.apple.product-type.bundle.ui-testing";
		};
/* End PBXNativeTarget section */

/* Begin PBXProject section */
		CBE34BD11F8CD1BC00BF699E /* Project object */ = {
			isa = PBXProject;
			attributes = {
				LastUpgradeCheck = 0900;
				ORGANIZATIONNAME = Archer;
				TargetAttributes = {
					CBE34BD81F8CD1BC00BF699E = {
						CreatedOnToolsVersion = 9.0;
						ProvisioningStyle = Automatic;
					};
					CBE34BF01F8CD1BC00BF699E = {
						CreatedOnToolsVersion = 9.0;
						ProvisioningStyle = Automatic;
						TestTargetID = CBE34BD81F8CD1BC00BF699E;
					};
					CBE34BFB1F8CD1BC00BF699E = {
						CreatedOnToolsVersion = 9.0;
						ProvisioningStyle = Automatic;
						TestTargetID = CBE34BD81F8CD1BC00BF699E;
					};
				};
			};
			buildConfigurationList = CBE34BD41F8CD1BC00BF699E /* Build configuration list for PBXProject "WMHCalendar-OC" */;
			compatibilityVersion = "Xcode 8.0";
			developmentRegion = en;
			hasScannedForEncodings = 0;
			knownRegions = (
				en,
				Base,
			);
			mainGroup = CBE34BD01F8CD1BC00BF699E;
			productRefGroup = CBE34BDA1F8CD1BC00BF699E /* Products */;
			projectDirPath = "";
			projectRoot = "";
			targets = (
				CBE34BD81F8CD1BC00BF699E /* WMHCalendar-OC */,
				CBE34BF01F8CD1BC00BF699E /* WMHCalendar-OCTests */,
				CBE34BFB1F8CD1BC00BF699E /* WMHCalendar-OCUITests */,
			);
		};
/* End PBXProject section */

/* Begin PBXResourcesBuildPhase section */
		CBE34BD71F8CD1BC00BF699E /* Resources */ = {
			isa = PBXResourcesBuildPhase;
			buildActionMask = 2147483647;
			files = (
				CB9F5E6A1F8DF67E00ACB2D8 /* icon_jr_jkzx@2x.png in Resources */,
				CB9F5E6C1F8DF67E00ACB2D8 /* icon_delete_tcqblb@3x.png in Resources */,
				CBE34BE91F8CD1BC00BF699E /* LaunchScreen.storyboard in Resources */,
				CB9F5E681F8DF67E00ACB2D8 /* icon_zjt_xzrq@2x.png in Resources */,
				CB9F5E6D1F8DF67E00ACB2D8 /* icon_delete_tcqblb@2x.png in Resources */,
				CB9F5E691F8DF67E00ACB2D8 /* icon_zjt_xzrq@3x.png in Resources */,
				CB9F5E6B1F8DF67E00ACB2D8 /* icon_jr_jkzx@3x.png in Resources */,
				CBE34BE61F8CD1BC00BF699E /* Assets.xcassets in Resources */,
				CBE34BE41F8CD1BC00BF699E /* Main.storyboard in Resources */,
			);
			runOnlyForDeploymentPostprocessing = 0;
		};
		CBE34BEF1F8CD1BC00BF699E /* Resources */ = {
			isa = PBXResourcesBuildPhase;
			buildActionMask = 2147483647;
			files = (
			);
			runOnlyForDeploymentPostprocessing = 0;
		};
		CBE34BFA1F8CD1BC00BF699E /* Resources */ = {
			isa = PBXResourcesBuildPhase;
			buildActionMask = 2147483647;
			files = (
			);
			runOnlyForDeploymentPostprocessing = 0;
		};
/* End PBXResourcesBuildPhase section */

/* Begin PBXSourcesBuildPhase section */
		CBE34BD51F8CD1BC00BF699E /* Sources */ = {
			isa = PBXSourcesBuildPhase;
			buildActionMask = 2147483647;
			files = (
				CBE34BE11F8CD1BC00BF699E /* ViewController.m in Sources */,
				CB9F5E731F8E113C00ACB2D8 /* WeekDateCell.m in Sources */,
				CBE34C101F8CD1F400BF699E /* WMHCalendarView.m in Sources */,
				CB9F5E701F8E112E00ACB2D8 /* CalendarDateCell.m in Sources */,
				CBE34BEC1F8CD1BC00BF699E /* main.m in Sources */,
				CBE34BDE1F8CD1BC00BF699E /* AppDelegate.m in Sources */,
			);
			runOnlyForDeploymentPostprocessing = 0;
		};
		CBE34BED1F8CD1BC00BF699E /* Sources */ = {
			isa = PBXSourcesBuildPhase;
			buildActionMask = 2147483647;
			files = (
				CBE34BF61F8CD1BC00BF699E /* WMHCalendar_OCTests.m in Sources */,
			);
			runOnlyForDeploymentPostprocessing = 0;
		};
		CBE34BF81F8CD1BC00BF699E /* Sources */ = {
			isa = PBXSourcesBuildPhase;
			buildActionMask = 2147483647;
			files = (
				CBE34C011F8CD1BC00BF699E /* WMHCalendar_OCUITests.m in Sources */,
			);
			runOnlyForDeploymentPostprocessing = 0;
		};
/* End PBXSourcesBuildPhase section */

/* Begin PBXTargetDependency section */
		CBE34BF31F8CD1BC00BF699E /* PBXTargetDependency */ = {
			isa = PBXTargetDependency;
			target = CBE34BD81F8CD1BC00BF699E /* WMHCalendar-OC */;
			targetProxy = CBE34BF21F8CD1BC00BF699E /* PBXContainerItemProxy */;
		};
		CBE34BFE1F8CD1BC00BF699E /* PBXTargetDependency */ = {
			isa = PBXTargetDependency;
			target = CBE34BD81F8CD1BC00BF699E /* WMHCalendar-OC */;
			targetProxy = CBE34BFD1F8CD1BC00BF699E /* PBXContainerItemProxy */;
		};
/* End PBXTargetDependency section */

/* Begin PBXVariantGroup section */
		CBE34BE21F8CD1BC00BF699E /* Main.storyboard */ = {
			isa = PBXVariantGroup;
			children = (
				CBE34BE31F8CD1BC00BF699E /* Base */,
			);
			name = Main.storyboard;
			sourceTree = "<group>";
		};
		CBE34BE71F8CD1BC00BF699E /* LaunchScreen.storyboard */ = {
			isa = PBXVariantGroup;
			children = (
				CBE34BE81F8CD1BC00BF699E /* Base */,
			);
			name = LaunchScreen.storyboard;
			sourceTree = "<group>";
		};
/* End PBXVariantGroup section */

/* Begin XCBuildConfiguration section */
		CBE34C031F8CD1BC00BF699E /* Debug */ = {
			isa = XCBuildConfiguration;
			buildSettings = {
				ALWAYS_SEARCH_USER_PATHS = NO;
				CLANG_ANALYZER_NONNULL = YES;
				CLANG_ANALYZER_NUMBER_OBJECT_CONVERSION = YES_AGGRESSIVE;
				CLANG_CXX_LANGUAGE_STANDARD = "gnu++14";
				CLANG_CXX_LIBRARY = "libc++";
				CLANG_ENABLE_MODULES = YES;
				CLANG_ENABLE_OBJC_ARC = YES;
				CLANG_WARN_BLOCK_CAPTURE_AUTORELEASING = YES;
				CLANG_WARN_BOOL_CONVERSION = YES;
				CLANG_WARN_COMMA = YES;
				CLANG_WARN_CONSTANT_CONVERSION = YES;
				CLANG_WARN_DIRECT_OBJC_ISA_USAGE = YES_ERROR;
				CLANG_WARN_DOCUMENTATION_COMMENTS = YES;
				CLANG_WARN_EMPTY_BODY = YES;
				CLANG_WARN_ENUM_CONVERSION = YES;
				CLANG_WARN_INFINITE_RECURSION = YES;
				CLANG_WARN_INT_CONVERSION = YES;
				CLANG_WARN_NON_LITERAL_NULL_CONVERSION = YES;
				CLANG_WARN_OBJC_LITERAL_CONVERSION = YES;
				CLANG_WARN_OBJC_ROOT_CLASS = YES_ERROR;
				CLANG_WARN_RANGE_LOOP_ANALYSIS = YES;
				CLANG_WARN_STRICT_PROTOTYPES = YES;
				CLANG_WARN_SUSPICIOUS_MOVE = YES;
				CLANG_WARN_UNGUARDED_AVAILABILITY = YES_AGGRESSIVE;
				CLANG_WARN_UNREACHABLE_CODE = YES;
				CLANG_WARN__DUPLICATE_METHOD_MATCH = YES;
				CODE_SIGN_IDENTITY = "iPhone Developer";
				COPY_PHASE_STRIP = NO;
				DEBUG_INFORMATION_FORMAT = dwarf;
				ENABLE_STRICT_OBJC_MSGSEND = YES;
				ENABLE_TESTABILITY = YES;
				GCC_C_LANGUAGE_STANDARD = gnu11;
				GCC_DYNAMIC_NO_PIC = NO;
				GCC_NO_COMMON_BLOCKS = YES;
				GCC_OPTIMIZATION_LEVEL = 0;
				GCC_PREPROCESSOR_DEFINITIONS = (
					"DEBUG=1",
					"$(inherited)",
				);
				GCC_WARN_64_TO_32_BIT_CONVERSION = YES;
				GCC_WARN_ABOUT_RETURN_TYPE = YES_ERROR;
				GCC_WARN_UNDECLARED_SELECTOR = YES;
				GCC_WARN_UNINITIALIZED_AUTOS = YES_AGGRESSIVE;
				GCC_WARN_UNUSED_FUNCTION = YES;
				GCC_WARN_UNUSED_VARIABLE = YES;
				IPHONEOS_DEPLOYMENT_TARGET = 11.0;
				MTL_ENABLE_DEBUG_INFO = YES;
				ONLY_ACTIVE_ARCH = YES;
				SDKROOT = iphoneos;
			};
			name = Debug;
		};
		CBE34C041F8CD1BC00BF699E /* Release */ = {
			isa = XCBuildConfiguration;
			buildSettings = {
				ALWAYS_SEARCH_USER_PATHS = NO;
				CLANG_ANALYZER_NONNULL = YES;
				CLANG_ANALYZER_NUMBER_OBJECT_CONVERSION = YES_AGGRESSIVE;
				CLANG_CXX_LANGUAGE_STANDARD = "gnu++14";
				CLANG_CXX_LIBRARY = "libc++";
				CLANG_ENABLE_MODULES = YES;
				CLANG_ENABLE_OBJC_ARC = YES;
				CLANG_WARN_BLOCK_CAPTURE_AUTORELEASING = YES;
				CLANG_WARN_BOOL_CONVERSION = YES;
				CLANG_WARN_COMMA = YES;
				CLANG_WARN_CONSTANT_CONVERSION = YES;
				CLANG_WARN_DIRECT_OBJC_ISA_USAGE = YES_ERROR;
				CLANG_WARN_DOCUMENTATION_COMMENTS = YES;
				CLANG_WARN_EMPTY_BODY = YES;
				CLANG_WARN_ENUM_CONVERSION = YES;
				CLANG_WARN_INFINITE_RECURSION = YES;
				CLANG_WARN_INT_CONVERSION = YES;
				CLANG_WARN_NON_LITERAL_NULL_CONVERSION = YES;
				CLANG_WARN_OBJC_LITERAL_CONVERSION = YES;
				CLANG_WARN_OBJC_ROOT_CLASS = YES_ERROR;
				CLANG_WARN_RANGE_LOOP_ANALYSIS = YES;
				CLANG_WARN_STRICT_PROTOTYPES = YES;
				CLANG_WARN_SUSPICIOUS_MOVE = YES;
				CLANG_WARN_UNGUARDED_AVAILABILITY = YES_AGGRESSIVE;
				CLANG_WARN_UNREACHABLE_CODE = YES;
				CLANG_WARN__DUPLICATE_METHOD_MATCH = YES;
				CODE_SIGN_IDENTITY = "iPhone Developer";
				COPY_PHASE_STRIP = NO;
				DEBUG_INFORMATION_FORMAT = "dwarf-with-dsym";
				ENABLE_NS_ASSERTIONS = NO;
				ENABLE_STRICT_OBJC_MSGSEND = YES;
				GCC_C_LANGUAGE_STANDARD = gnu11;
				GCC_NO_COMMON_BLOCKS = YES;
				GCC_WARN_64_TO_32_BIT_CONVERSION = YES;
				GCC_WARN_ABOUT_RETURN_TYPE = YES_ERROR;
				GCC_WARN_UNDECLARED_SELECTOR = YES;
				GCC_WARN_UNINITIALIZED_AUTOS = YES_AGGRESSIVE;
				GCC_WARN_UNUSED_FUNCTION = YES;
				GCC_WARN_UNUSED_VARIABLE = YES;
				IPHONEOS_DEPLOYMENT_TARGET = 11.0;
				MTL_ENABLE_DEBUG_INFO = NO;
				SDKROOT = iphoneos;
				VALIDATE_PRODUCT = YES;
			};
			name = Release;
		};
		CBE34C061F8CD1BC00BF699E /* Debug */ = {
			isa = XCBuildConfiguration;
			buildSettings = {
				ASSETCATALOG_COMPILER_APPICON_NAME = AppIcon;
				CODE_SIGN_STYLE = Automatic;
				DEVELOPMENT_TEAM = U2KG35WPES;
				INFOPLIST_FILE = "WMHCalendar-OC/Info.plist";
				LD_RUNPATH_SEARCH_PATHS = "$(inherited) @executable_path/Frameworks";
				PRODUCT_BUNDLE_IDENTIFIER = "com.seeChangeTech.WMHHealthyDoc.WMHCalendar-OC";
				PRODUCT_NAME = "$(TARGET_NAME)";
				TARGETED_DEVICE_FAMILY = "1,2";
			};
			name = Debug;
		};
		CBE34C071F8CD1BC00BF699E /* Release */ = {
			isa = XCBuildConfiguration;
			buildSettings = {
				ASSETCATALOG_COMPILER_APPICON_NAME = AppIcon;
				CODE_SIGN_STYLE = Automatic;
				DEVELOPMENT_TEAM = U2KG35WPES;
				INFOPLIST_FILE = "WMHCalendar-OC/Info.plist";
				LD_RUNPATH_SEARCH_PATHS = "$(inherited) @executable_path/Frameworks";
				PRODUCT_BUNDLE_IDENTIFIER = "com.seeChangeTech.WMHHealthyDoc.WMHCalendar-OC";
				PRODUCT_NAME = "$(TARGET_NAME)";
				TARGETED_DEVICE_FAMILY = "1,2";
			};
			name = Release;
		};
		CBE34C091F8CD1BC00BF699E /* Debug */ = {
			isa = XCBuildConfiguration;
			buildSettings = {
				BUNDLE_LOADER = "$(TEST_HOST)";
				CODE_SIGN_STYLE = Automatic;
				DEVELOPMENT_TEAM = U2KG35WPES;
				INFOPLIST_FILE = "WMHCalendar-OCTests/Info.plist";
				LD_RUNPATH_SEARCH_PATHS = "$(inherited) @executable_path/Frameworks @loader_path/Frameworks";
				PRODUCT_BUNDLE_IDENTIFIER = "com.seeChangeTech.WMHHealthyDoc.WMHCalendar-OCTests";
				PRODUCT_NAME = "$(TARGET_NAME)";
				TARGETED_DEVICE_FAMILY = "1,2";
				TEST_HOST = "$(BUILT_PRODUCTS_DIR)/WMHCalendar-OC.app/WMHCalendar-OC";
			};
			name = Debug;
		};
		CBE34C0A1F8CD1BC00BF699E /* Release */ = {
			isa = XCBuildConfiguration;
			buildSettings = {
				BUNDLE_LOADER = "$(TEST_HOST)";
				CODE_SIGN_STYLE = Automatic;
				DEVELOPMENT_TEAM = U2KG35WPES;
				INFOPLIST_FILE = "WMHCalendar-OCTests/Info.plist";
				LD_RUNPATH_SEARCH_PATHS = "$(inherited) @executable_path/Frameworks @loader_path/Frameworks";
				PRODUCT_BUNDLE_IDENTIFIER = "com.seeChangeTech.WMHHealthyDoc.WMHCalendar-OCTests";
				PRODUCT_NAME = "$(TARGET_NAME)";
				TARGETED_DEVICE_FAMILY = "1,2";
				TEST_HOST = "$(BUILT_PRODUCTS_DIR)/WMHCalendar-OC.app/WMHCalendar-OC";
			};
			name = Release;
		};
		CBE34C0C1F8CD1BC00BF699E /* Debug */ = {
			isa = XCBuildConfiguration;
			buildSettings = {
				CODE_SIGN_STYLE = Automatic;
				DEVELOPMENT_TEAM = U2KG35WPES;
				INFOPLIST_FILE = "WMHCalendar-OCUITests/Info.plist";
				LD_RUNPATH_SEARCH_PATHS = "$(inherited) @executable_path/Frameworks @loader_path/Frameworks";
				PRODUCT_BUNDLE_IDENTIFIER = "com.seeChangeTech.WMHHealthyDoc.WMHCalendar-OCUITests";
				PRODUCT_NAME = "$(TARGET_NAME)";
				TARGETED_DEVICE_FAMILY = "1,2";
				TEST_TARGET_NAME = "WMHCalendar-OC";
			};
			name = Debug;
		};
		CBE34C0D1F8CD1BC00BF699E /* Release */ = {
			isa = XCBuildConfiguration;
			buildSettings = {
				CODE_SIGN_STYLE = Automatic;
				DEVELOPMENT_TEAM = U2KG35WPES;
				INFOPLIST_FILE = "WMHCalendar-OCUITests/Info.plist";
				LD_RUNPATH_SEARCH_PATHS = "$(inherited) @executable_path/Frameworks @loader_path/Frameworks";
				PRODUCT_BUNDLE_IDENTIFIER = "com.seeChangeTech.WMHHealthyDoc.WMHCalendar-OCUITests";
				PRODUCT_NAME = "$(TARGET_NAME)";
				TARGETED_DEVICE_FAMILY = "1,2";
				TEST_TARGET_NAME = "WMHCalendar-OC";
			};
			name = Release;
		};
/* End XCBuildConfiguration section */

/* Begin XCConfigurationList section */
		CBE34BD41F8CD1BC00BF699E /* Build configuration list for PBXProject "WMHCalendar-OC" */ = {
			isa = XCConfigurationList;
			buildConfigurations = (
				CBE34C031F8CD1BC00BF699E /* Debug */,
				CBE34C041F8CD1BC00BF699E /* Release */,
			);
			defaultConfigurationIsVisible = 0;
			defaultConfigurationName = Release;
		};
		CBE34C051F8CD1BC00BF699E /* Build configuration list for PBXNativeTarget "WMHCalendar-OC" */ = {
			isa = XCConfigurationList;
			buildConfigurations = (
				CBE34C061F8CD1BC00BF699E /* Debug */,
				CBE34C071F8CD1BC00BF699E /* Release */,
			);
			defaultConfigurationIsVisible = 0;
			defaultConfigurationName = Release;
		};
		CBE34C081F8CD1BC00BF699E /* Build configuration list for PBXNativeTarget "WMHCalendar-OCTests" */ = {
			isa = XCConfigurationList;
			buildConfigurations = (
				CBE34C091F8CD1BC00BF699E /* Debug */,
				CBE34C0A1F8CD1BC00BF699E /* Release */,
			);
			defaultConfigurationIsVisible = 0;
			defaultConfigurationName = Release;
		};
		CBE34C0B1F8CD1BC00BF699E /* Build configuration list for PBXNativeTarget "WMHCalendar-OCUITests" */ = {
			isa = XCConfigurationList;
			buildConfigurations = (
				CBE34C0C1F8CD1BC00BF699E /* Debug */,
				CBE34C0D1F8CD1BC00BF699E /* Release */,
			);
			defaultConfigurationIsVisible = 0;
			defaultConfigurationName = Release;
		};
/* End XCConfigurationList section */
	};
	rootObject = CBE34BD11F8CD1BC00BF699E /* Project object */;
}
